
Microsoft Visual Studio Solution File, Format Version 12.00
# Visual Studio Version 17
VisualStudioVersion = 17.9.34321.82
MinimumVisualStudioVersion = 10.0.40219.1
Project("{9A19103F-16F7-4668-BE54-9A1E7A4F7556}") = "FunctionalInterfaces", "src\FunctionalInterfaces\FunctionalInterfaces.csproj", "{8C0639C8-5601-489D-9408-7A8BB303F824}"
	ProjectSection(ProjectDependencies) = postProject
		{9AE9C73D-B2BC-4028-BB2B-69B2B0B719B6} = {9AE9C73D-B2BC-4028-BB2B-69B2B0B719B6}
	EndProjectSection
EndProject
Project("{9A19103F-16F7-4668-BE54-9A1E7A4F7556}") = "FunctionalInterfaces.Fody", "src\FunctionalInterfaces.Fody\FunctionalInterfaces.Fody.csproj", "{9AE9C73D-B2BC-4028-BB2B-69B2B0B719B6}"
EndProject
Project("{9A19103F-16F7-4668-BE54-9A1E7A4F7556}") = "FunctionalInterfaces.Tests", "src\FunctionalInterfaces.Tests\FunctionalInterfaces.Tests.csproj", "{9BD33EC9-81CD-4E05-BED3-D1E65E84E998}"
EndProject
Project("{9A19103F-16F7-4668-BE54-9A1E7A4F7556}") = "FunctionalInterfaces.TestAssembly", "src\FunctionalInterfaces.TestAssembly\FunctionalInterfaces.TestAssembly.csproj", "{B97825E0-4012-47DC-B84E-081AC48168B4}"
EndProject
Project("{9A19103F-16F7-4668-BE54-9A1E7A4F7556}") = "FunctionalInterfaces.SourceGenerator", "src\FunctionalInterfaces.SourceGenerator\FunctionalInterfaces.SourceGenerator.csproj", "{07E5F22D-DFE1-498D-A921-3D2F8AF6A9CC}"
EndProject
Global
	GlobalSection(SolutionConfigurationPlatforms) = preSolution
		Debug|Any CPU = Debug|Any CPU
		Release|Any CPU = Release|Any CPU
	EndGlobalSection
	GlobalSection(ProjectConfigurationPlatforms) = postSolution
		{8C0639C8-5601-489D-9408-7A8BB303F824}.Debug|Any CPU.ActiveCfg = Debug|Any CPU
		{8C0639C8-5601-489D-9408-7A8BB303F824}.Debug|Any CPU.Build.0 = Debug|Any CPU
		{8C0639C8-5601-489D-9408-7A8BB303F824}.Release|Any CPU.ActiveCfg = Release|Any CPU
		{8C0639C8-5601-489D-9408-7A8BB303F824}.Release|Any CPU.Build.0 = Release|Any CPU
		{9AE9C73D-B2BC-4028-BB2B-69B2B0B719B6}.Debug|Any CPU.ActiveCfg = Debug|Any CPU
		{9AE9C73D-B2BC-4028-BB2B-69B2B0B719B6}.Debug|Any CPU.Build.0 = Debug|Any CPU
		{9AE9C73D-B2BC-4028-BB2B-69B2B0B719B6}.Release|Any CPU.ActiveCfg = Release|Any CPU
		{9AE9C73D-B2BC-4028-BB2B-69B2B0B719B6}.Release|Any CPU.Build.0 = Release|Any CPU
		{9BD33EC9-81CD-4E05-BED3-D1E65E84E998}.Debug|Any CPU.ActiveCfg = Debug|Any CPU
		{9BD33EC9-81CD-4E05-BED3-D1E65E84E998}.Debug|Any CPU.Build.0 = Debug|Any CPU
		{9BD33EC9-81CD-4E05-BED3-D1E65E84E998}.Release|Any CPU.ActiveCfg = Release|Any CPU
		{9BD33EC9-81CD-4E05-BED3-D1E65E84E998}.Release|Any CPU.Build.0 = Release|Any CPU
		{B97825E0-4012-47DC-B84E-081AC48168B4}.Debug|Any CPU.ActiveCfg = Debug|Any CPU
		{B97825E0-4012-47DC-B84E-081AC48168B4}.Debug|Any CPU.Build.0 = Debug|Any CPU
		{B97825E0-4012-47DC-B84E-081AC48168B4}.Release|Any CPU.ActiveCfg = Release|Any CPU
		{B97825E0-4012-47DC-B84E-081AC48168B4}.Release|Any CPU.Build.0 = Release|Any CPU
		{07E5F22D-DFE1-498D-A921-3D2F8AF6A9CC}.Debug|Any CPU.ActiveCfg = Debug|Any CPU
		{07E5F22D-DFE1-498D-A921-3D2F8AF6A9CC}.Debug|Any CPU.Build.0 = Debug|Any CPU
		{07E5F22D-DFE1-498D-A921-3D2F8AF6A9CC}.Release|Any CPU.ActiveCfg = Release|Any CPU
		{07E5F22D-DFE1-498D-A921-3D2F8AF6A9CC}.Release|Any CPU.Build.0 = Release|Any CPU
	EndGlobalSection
	GlobalSection(SolutionProperties) = preSolution
		HideSolutionNode = FALSE
	EndGlobalSection
	GlobalSection(ExtensibilityGlobals) = postSolution
		SolutionGuid = {13FE993C-794A-4E91-A158-F20E831C6B2F}
	EndGlobalSection
EndGlobal
